
Microsoft Visual Studio Solution File, Format Version 12.00
# Visual Studio Version 16
VisualStudioVersion = 16.0.30717.126
MinimumVisualStudioVersion = 10.0.40219.1
Project("{9A19103F-16F7-4668-BE54-9A1E7A4F7556}") = "adm_csharp", "adm_csharp.csproj", "{60755C59-FF00-42DB-BF66-B0E6FB99F18A}"
EndProject
Global
	GlobalSection(SolutionConfigurationPlatforms) = preSolution
		Debug|Any CPU = Debug|Any CPU
		Release|Any CPU = Release|Any CPU
	EndGlobalSection
	GlobalSection(ProjectConfigurationPlatforms) = postSolution
		{60755C59-FF00-42DB-BF66-B0E6FB99F18A}.Debug|Any CPU.ActiveCfg = Debug|Any CPU
		{60755C59-FF00-42DB-BF66-B0E6FB99F18A}.Debug|Any CPU.Build.0 = Debug|Any CPU
		{60755C59-FF00-42DB-BF66-B0E6FB99F18A}.Release|Any CPU.ActiveCfg = Release|Any CPU
		{60755C59-FF00-42DB-BF66-B0E6FB99F18A}.Release|Any CPU.Build.0 = Release|Any CPU
	EndGlobalSection
	GlobalSection(SolutionProperties) = preSolution
		HideSolutionNode = FALSE
	EndGlobalSection
	GlobalSection(ExtensibilityGlobals) = postSolution
		SolutionGuid = {4AA14CDB-8C75-4D60-84F6-32ABE5033C60}
	EndGlobalSection
EndGlobal
